// !$*UTF8*$!
{
	archiveVersion = 1;
	classes = {
	};
	objectVersion = 50;
	objects = {

/* Begin PBXBuildFile section */
		1750F15621402795008D178F /* LCD-Phone.ttf in Resources */ = {isa = PBXBuildFile; fileRef = 1750F15521402795008D178F /* LCD-Phone.ttf */; };
		178BE721212D9277000E4FC1 /* AppDelegate.swift in Sources */ = {isa = PBXBuildFile; fileRef = 178BE720212D9277000E4FC1 /* AppDelegate.swift */; };
		178BE723212D9277000E4FC1 /* ViewController.swift in Sources */ = {isa = PBXBuildFile; fileRef = 178BE722212D9277000E4FC1 /* ViewController.swift */; };
		178BE725212D9279000E4FC1 /* Assets.xcassets in Resources */ = {isa = PBXBuildFile; fileRef = 178BE724212D9279000E4FC1 /* Assets.xcassets */; };
		178BE728212D9279000E4FC1 /* Main.storyboard in Resources */ = {isa = PBXBuildFile; fileRef = 178BE726212D9279000E4FC1 /* Main.storyboard */; };
		178BE731212DB165000E4FC1 /* WindowController.swift in Sources */ = {isa = PBXBuildFile; fileRef = 178BE730212DB165000E4FC1 /* WindowController.swift */; };
/* End PBXBuildFile section */

/* Begin PBXFileReference section */
		1750F15521402795008D178F /* LCD-Phone.ttf */ = {isa = PBXFileReference; lastKnownFileType = file; path = "LCD-Phone.ttf"; sourceTree = "<group>"; };
		178BE71D212D9277000E4FC1 /* TouchBarTicker.app */ = {isa = PBXFileReference; explicitFileType = wrapper.application; includeInIndex = 0; path = TouchBarTicker.app; sourceTree = BUILT_PRODUCTS_DIR; };
		178BE720212D9277000E4FC1 /* AppDelegate.swift */ = {isa = PBXFileReference; lastKnownFileType = sourcecode.swift; path = AppDelegate.swift; sourceTree = "<group>"; };
		178BE722212D9277000E4FC1 /* ViewController.swift */ = {isa = PBXFileReference; lastKnownFileType = sourcecode.swift; path = ViewController.swift; sourceTree = "<group>"; };
		178BE724212D9279000E4FC1 /* Assets.xcassets */ = {isa = PBXFileReference; lastKnownFileType = folder.assetcatalog; path = Assets.xcassets; sourceTree = "<group>"; };
		178BE727212D9279000E4FC1 /* Base */ = {isa = PBXFileReference; lastKnownFileType = file.storyboard; name = Base; path = Base.lproj/Main.storyboard; sourceTree = "<group>"; };
		178BE729212D9279000E4FC1 /* Info.plist */ = {isa = PBXFileReference; lastKnownFileType = text.plist.xml; path = Info.plist; sourceTree = "<group>"; };
		178BE72A212D9279000E4FC1 /* TouchBarTicker.entitlements */ = {isa = PBXFileReference; lastKnownFileType = text.plist.entitlements; path = TouchBarTicker.entitlements; sourceTree = "<group>"; };
		178BE730212DB165000E4FC1 /* WindowController.swift */ = {isa = PBXFileReference; lastKnownFileType = sourcecode.swift; path = WindowController.swift; sourceTree = "<group>"; };
/* End PBXFileReference section */

/* Begin PBXFrameworksBuildPhase section */
		178BE71A212D9277000E4FC1 /* Frameworks */ = {
			isa = PBXFrameworksBuildPhase;
			buildActionMask = 2147483647;
			files = (
			);
			runOnlyForDeploymentPostprocessing = 0;
		};
/* End PBXFrameworksBuildPhase section */

/* Begin PBXGroup section */
		17642EE121348FA300373159 /* Fonts */ = {
			isa = PBXGroup;
			children = (
				1750F15521402795008D178F /* LCD-Phone.ttf */,
			);
			path = Fonts;
			sourceTree = "<group>";
		};
		178BE714212D9277000E4FC1 = {
			isa = PBXGroup;
			children = (
				178BE71F212D9277000E4FC1 /* TouchBarTicker */,
				178BE71E212D9277000E4FC1 /* Products */,
			);
			sourceTree = "<group>";
		};
		178BE71E212D9277000E4FC1 /* Products */ = {
			isa = PBXGroup;
			children = (
				178BE71D212D9277000E4FC1 /* TouchBarTicker.app */,
			);
			name = Products;
			sourceTree = "<group>";
		};
		178BE71F212D9277000E4FC1 /* TouchBarTicker */ = {
			isa = PBXGroup;
			children = (
				17642EE121348FA300373159 /* Fonts */,
				178BE720212D9277000E4FC1 /* AppDelegate.swift */,
				178BE722212D9277000E4FC1 /* ViewController.swift */,
				178BE724212D9279000E4FC1 /* Assets.xcassets */,
				178BE726212D9279000E4FC1 /* Main.storyboard */,
				178BE729212D9279000E4FC1 /* Info.plist */,
				178BE72A212D9279000E4FC1 /* TouchBarTicker.entitlements */,
				178BE730212DB165000E4FC1 /* WindowController.swift */,
			);
			path = TouchBarTicker;
			sourceTree = "<group>";
		};
/* End PBXGroup section */

/* Begin PBXNativeTarget section */
		178BE71C212D9277000E4FC1 /* TouchBarTicker */ = {
			isa = PBXNativeTarget;
			buildConfigurationList = 178BE72D212D9279000E4FC1 /* Build configuration list for PBXNativeTarget "TouchBarTicker" */;
			buildPhases = (
				178BE719212D9277000E4FC1 /* Sources */,
				178BE71A212D9277000E4FC1 /* Frameworks */,
				178BE71B212D9277000E4FC1 /* Resources */,
			);
			buildRules = (
			);
			dependencies = (
			);
			name = TouchBarTicker;
			productName = TouchBarTicker;
			productReference = 178BE71D212D9277000E4FC1 /* TouchBarTicker.app */;
			productType = "com.apple.product-type.application";
		};
/* End PBXNativeTarget section */

/* Begin PBXProject section */
		178BE715212D9277000E4FC1 /* Project object */ = {
			isa = PBXProject;
			attributes = {
				LastSwiftUpdateCheck = 0940;
				LastUpgradeCheck = 0940;
				ORGANIZATIONNAME = BrottyS;
				TargetAttributes = {
					178BE71C212D9277000E4FC1 = {
						CreatedOnToolsVersion = 9.4.1;
					};
				};
			};
			buildConfigurationList = 178BE718212D9277000E4FC1 /* Build configuration list for PBXProject "TouchBarTicker" */;
			compatibilityVersion = "Xcode 9.3";
			developmentRegion = en;
			hasScannedForEncodings = 0;
			knownRegions = (
				en,
				Base,
			);
			mainGroup = 178BE714212D9277000E4FC1;
			productRefGroup = 178BE71E212D9277000E4FC1 /* Products */;
			projectDirPath = "";
			projectRoot = "";
			targets = (
				178BE71C212D9277000E4FC1 /* TouchBarTicker */,
			);
		};
/* End PBXProject section */

/* Begin PBXResourcesBuildPhase section */
		178BE71B212D9277000E4FC1 /* Resources */ = {
			isa = PBXResourcesBuildPhase;
			buildActionMask = 2147483647;
			files = (
				178BE725212D9279000E4FC1 /* Assets.xcassets in Resources */,
				1750F15621402795008D178F /* LCD-Phone.ttf in Resources */,
				178BE728212D9279000E4FC1 /* Main.storyboard in Resources */,
			);
			runOnlyForDeploymentPostprocessing = 0;
		};
/* End PBXResourcesBuildPhase section */

/* Begin PBXSourcesBuildPhase section */
		178BE719212D9277000E4FC1 /* Sources */ = {
			isa = PBXSourcesBuildPhase;
			buildActionMask = 2147483647;
			files = (
				178BE723212D9277000E4FC1 /* ViewController.swift in Sources */,
				178BE731212DB165000E4FC1 /* WindowController.swift in Sources */,
				178BE721212D9277000E4FC1 /* AppDelegate.swift in Sources */,
			);
			runOnlyForDeploymentPostprocessing = 0;
		};
/* End PBXSourcesBuildPhase section */

/* Begin PBXVariantGroup section */
		178BE726212D9279000E4FC1 /* Main.storyboard */ = {
			isa = PBXVariantGroup;
			children = (
				178BE727212D9279000E4FC1 /* Base */,
			);
			name = Main.storyboard;
			sourceTree = "<group>";
		};
/* End PBXVariantGroup section */

/* Begin XCBuildConfiguration section */
		178BE72B212D9279000E4FC1 /* Debug */ = {
			isa = XCBuildConfiguration;
			buildSettings = {
				ALWAYS_SEARCH_USER_PATHS = NO;
				CLANG_ANALYZER_NONNULL = YES;
				CLANG_ANALYZER_NUMBER_OBJECT_CONVERSION = YES_AGGRESSIVE;
				CLANG_CXX_LANGUAGE_STANDARD = "gnu++14";
				CLANG_CXX_LIBRARY = "libc++";
				CLANG_ENABLE_MODULES = YES;
				CLANG_ENABLE_OBJC_ARC = YES;
				CLANG_ENABLE_OBJC_WEAK = YES;
				CLANG_WARN_BLOCK_CAPTURE_AUTORELEASING = YES;
				CLANG_WARN_BOOL_CONVERSION = YES;
				CLANG_WARN_COMMA = YES;
				CLANG_WARN_CONSTANT_CONVERSION = YES;
				CLANG_WARN_DEPRECATED_OBJC_IMPLEMENTATIONS = YES;
				CLANG_WARN_DIRECT_OBJC_ISA_USAGE = YES_ERROR;
				CLANG_WARN_DOCUMENTATION_COMMENTS = YES;
				CLANG_WARN_EMPTY_BODY = YES;
				CLANG_WARN_ENUM_CONVERSION = YES;
				CLANG_WARN_INFINITE_RECURSION = YES;
				CLANG_WARN_INT_CONVERSION = YES;
				CLANG_WARN_NON_LITERAL_NULL_CONVERSION = YES;
				CLANG_WARN_OBJC_IMPLICIT_RETAIN_SELF = YES;
				CLANG_WARN_OBJC_LITERAL_CONVERSION = YES;
				CLANG_WARN_OBJC_ROOT_CLASS = YES_ERROR;
				CLANG_WARN_RANGE_LOOP_ANALYSIS = YES;
				CLANG_WARN_STRICT_PROTOTYPES = YES;
				CLANG_WARN_SUSPICIOUS_MOVE = YES;
				CLANG_WARN_UNGUARDED_AVAILABILITY = YES_AGGRESSIVE;
				CLANG_WARN_UNREACHABLE_CODE = YES;
				CLANG_WARN__DUPLICATE_METHOD_MATCH = YES;
				CODE_SIGN_IDENTITY = "-";
				COPY_PHASE_STRIP = NO;
				DEBUG_INFORMATION_FORMAT = dwarf;
				ENABLE_STRICT_OBJC_MSGSEND = YES;
				ENABLE_TESTABILITY = YES;
				GCC_C_LANGUAGE_STANDARD = gnu11;
				GCC_DYNAMIC_NO_PIC = NO;
				GCC_NO_COMMON_BLOCKS = YES;
				GCC_OPTIMIZATION_LEVEL = 0;
				GCC_PREPROCESSOR_DEFINITIONS = (
					"DEBUG=1",
					"$(inherited)",
				);
				GCC_WARN_64_TO_32_BIT_CONVERSION = YES;
				GCC_WARN_ABOUT_RETURN_TYPE = YES_ERROR;
				GCC_WARN_UNDECLARED_SELECTOR = YES;
				GCC_WARN_UNINITIALIZED_AUTOS = YES_AGGRESSIVE;
				GCC_WARN_UNUSED_FUNCTION = YES;
				GCC_WARN_UNUSED_VARIABLE = YES;
				MACOSX_DEPLOYMENT_TARGET = 10.13;
				MTL_ENABLE_DEBUG_INFO = YES;
				ONLY_ACTIVE_ARCH = YES;
				SDKROOT = macosx;
				SWIFT_ACTIVE_COMPILATION_CONDITIONS = DEBUG;
				SWIFT_OPTIMIZATION_LEVEL = "-Onone";
			};
			name = Debug;
		};
		178BE72C212D9279000E4FC1 /* Release */ = {
			isa = XCBuildConfiguration;
			buildSettings = {
				ALWAYS_SEARCH_USER_PATHS = NO;
				CLANG_ANALYZER_NONNULL = YES;
				CLANG_ANALYZER_NUMBER_OBJECT_CONVERSION = YES_AGGRESSIVE;
				CLANG_CXX_LANGUAGE_STANDARD = "gnu++14";
				CLANG_CXX_LIBRARY = "libc++";
				CLANG_ENABLE_MODULES = YES;
				CLANG_ENABLE_OBJC_ARC = YES;
				CLANG_ENABLE_OBJC_WEAK = YES;
				CLANG_WARN_BLOCK_CAPTURE_AUTORELEASING = YES;
				CLANG_WARN_BOOL_CONVERSION = YES;
				CLANG_WARN_COMMA = YES;
				CLANG_WARN_CONSTANT_CONVERSION = YES;
				CLANG_WARN_DEPRECATED_OBJC_IMPLEMENTATIONS = YES;
				CLANG_WARN_DIRECT_OBJC_ISA_USAGE = YES_ERROR;
				CLANG_WARN_DOCUMENTATION_COMMENTS = YES;
				CLANG_WARN_EMPTY_BODY = YES;
				CLANG_WARN_ENUM_CONVERSION = YES;
				CLANG_WARN_INFINITE_RECURSION = YES;
				CLANG_WARN_INT_CONVERSION = YES;
				CLANG_WARN_NON_LITERAL_NULL_CONVERSION = YES;
				CLANG_WARN_OBJC_IMPLICIT_RETAIN_SELF = YES;
				CLANG_WARN_OBJC_LITERAL_CONVERSION = YES;
				CLANG_WARN_OBJC_ROOT_CLASS = YES_ERROR;
				CLANG_WARN_RANGE_LOOP_ANALYSIS = YES;
				CLANG_WARN_STRICT_PROTOTYPES = YES;
				CLANG_WARN_SUSPICIOUS_MOVE = YES;
				CLANG_WARN_UNGUARDED_AVAILABILITY = YES_AGGRESSIVE;
				CLANG_WARN_UNREACHABLE_CODE = YES;
				CLANG_WARN__DUPLICATE_METHOD_MATCH = YES;
				CODE_SIGN_IDENTITY = "-";
				COPY_PHASE_STRIP = NO;
				DEBUG_INFORMATION_FORMAT = "dwarf-with-dsym";
				ENABLE_NS_ASSERTIONS = NO;
				ENABLE_STRICT_OBJC_MSGSEND = YES;
				GCC_C_LANGUAGE_STANDARD = gnu11;
				GCC_NO_COMMON_BLOCKS = YES;
				GCC_WARN_64_TO_32_BIT_CONVERSION = YES;
				GCC_WARN_ABOUT_RETURN_TYPE = YES_ERROR;
				GCC_WARN_UNDECLARED_SELECTOR = YES;
				GCC_WARN_UNINITIALIZED_AUTOS = YES_AGGRESSIVE;
				GCC_WARN_UNUSED_FUNCTION = YES;
				GCC_WARN_UNUSED_VARIABLE = YES;
				MACOSX_DEPLOYMENT_TARGET = 10.13;
				MTL_ENABLE_DEBUG_INFO = NO;
				SDKROOT = macosx;
				SWIFT_COMPILATION_MODE = wholemodule;
				SWIFT_OPTIMIZATION_LEVEL = "-O";
			};
			name = Release;
		};
		178BE72E212D9279000E4FC1 /* Debug */ = {
			isa = XCBuildConfiguration;
			buildSettings = {
				ASSETCATALOG_COMPILER_APPICON_NAME = AppIcon;
				CODE_SIGN_ENTITLEMENTS = TouchBarTicker/TouchBarTicker.entitlements;
				CODE_SIGN_STYLE = Automatic;
				COMBINE_HIDPI_IMAGES = YES;
				INFOPLIST_FILE = TouchBarTicker/Info.plist;
				LD_RUNPATH_SEARCH_PATHS = (
					"$(inherited)",
					"@executable_path/../Frameworks",
				);
				PRODUCT_BUNDLE_IDENTIFIER = studio.leonov.TouchBarTicker;
				PRODUCT_NAME = "$(TARGET_NAME)";
				SWIFT_VERSION = 4.0;
			};
			name = Debug;
		};
		178BE72F212D9279000E4FC1 /* Release */ = {
			isa = XCBuildConfiguration;
			buildSettings = {
				ASSETCATALOG_COMPILER_APPICON_NAME = AppIcon;
				CODE_SIGN_ENTITLEMENTS = TouchBarTicker/TouchBarTicker.entitlements;
				CODE_SIGN_STYLE = Automatic;
				COMBINE_HIDPI_IMAGES = YES;
				INFOPLIST_FILE = TouchBarTicker/Info.plist;
				LD_RUNPATH_SEARCH_PATHS = (
					"$(inherited)",
					"@executable_path/../Frameworks",
				);
				PRODUCT_BUNDLE_IDENTIFIER = studio.leonov.TouchBarTicker;
				PRODUCT_NAME = "$(TARGET_NAME)";
				SWIFT_VERSION = 4.0;
			};
			name = Release;
		};
/* End XCBuildConfiguration section */

/* Begin XCConfigurationList section */
		178BE718212D9277000E4FC1 /* Build configuration list for PBXProject "TouchBarTicker" */ = {
			isa = XCConfigurationList;
			buildConfigurations = (
				178BE72B212D9279000E4FC1 /* Debug */,
				178BE72C212D9279000E4FC1 /* Release */,
			);
			defaultConfigurationIsVisible = 0;
			defaultConfigurationName = Release;
		};
		178BE72D212D9279000E4FC1 /* Build configuration list for PBXNativeTarget "TouchBarTicker" */ = {
			isa = XCConfigurationList;
			buildConfigurations = (
				178BE72E212D9279000E4FC1 /* Debug */,
				178BE72F212D9279000E4FC1 /* Release */,
			);
			defaultConfigurationIsVisible = 0;
			defaultConfigurationName = Release;
		};
/* End XCConfigurationList section */
	};
	rootObject = 178BE715212D9277000E4FC1 /* Project object */;
}
